
Microsoft Visual Studio Solution File, Format Version 12.00
# Visual Studio Version 16
VisualStudioVersion = 16.0.31911.196
MinimumVisualStudioVersion = 10.0.40219.1
Project("{FAE04EC0-301F-11D3-BF4B-00C04F79EFBC}") = "ShopAPI", "ShopAPI\ShopAPI.csproj", "{B4F3CAC6-D587-4C17-9D70-CFE10F34588B}"
EndProject
Global
	GlobalSection(SolutionConfigurationPlatforms) = preSolution
		Debug|Any CPU = Debug|Any CPU
		Release|Any CPU = Release|Any CPU
	EndGlobalSection
	GlobalSection(ProjectConfigurationPlatforms) = postSolution
		{B4F3CAC6-D587-4C17-9D70-CFE10F34588B}.Debug|Any CPU.ActiveCfg = Debug|Any CPU
		{B4F3CAC6-D587-4C17-9D70-CFE10F34588B}.Debug|Any CPU.Build.0 = Debug|Any CPU
		{B4F3CAC6-D587-4C17-9D70-CFE10F34588B}.Release|Any CPU.ActiveCfg = Release|Any CPU
		{B4F3CAC6-D587-4C17-9D70-CFE10F34588B}.Release|Any CPU.Build.0 = Release|Any CPU
	EndGlobalSection
	GlobalSection(SolutionProperties) = preSolution
		HideSolutionNode = FALSE
	EndGlobalSection
	GlobalSection(ExtensibilityGlobals) = postSolution
		SolutionGuid = {C07233C8-7AAA-4F7A-8C28-64F8EA0CE0C6}
	EndGlobalSection
EndGlobal
